// !$*UTF8*$!
{
	archiveVersion = 1;
	classes = {
	};
	objectVersion = 50;
	objects = {

/* Begin PBXBuildFile section */
		3E5D9BE22418D45600A044A3 /* AppDelegate.swift in Sources */ = {isa = PBXBuildFile; fileRef = 3E5D9BE12418D45600A044A3 /* AppDelegate.swift */; };
		3E5D9BE42418D45600A044A3 /* SceneDelegate.swift in Sources */ = {isa = PBXBuildFile; fileRef = 3E5D9BE32418D45600A044A3 /* SceneDelegate.swift */; };
		3E5D9BE62418D45600A044A3 /* ViewController.swift in Sources */ = {isa = PBXBuildFile; fileRef = 3E5D9BE52418D45600A044A3 /* ViewController.swift */; };
		3E5D9BE92418D45600A044A3 /* Main.storyboard in Resources */ = {isa = PBXBuildFile; fileRef = 3E5D9BE72418D45600A044A3 /* Main.storyboard */; };
		3E5D9BEB2418D45700A044A3 /* Assets.xcassets in Resources */ = {isa = PBXBuildFile; fileRef = 3E5D9BEA2418D45700A044A3 /* Assets.xcassets */; };
		3E5D9BEE2418D45700A044A3 /* LaunchScreen.storyboard in Resources */ = {isa = PBXBuildFile; fileRef = 3E5D9BEC2418D45700A044A3 /* LaunchScreen.storyboard */; };
/* End PBXBuildFile section */

/* Begin PBXFileReference section */
		3E5D9BDE2418D45500A044A3 /* guessNumberApp.app */ = {isa = PBXFileReference; explicitFileType = wrapper.application; includeInIndex = 0; path = guessNumberApp.app; sourceTree = BUILT_PRODUCTS_DIR; };
		3E5D9BE12418D45600A044A3 /* AppDelegate.swift */ = {isa = PBXFileReference; lastKnownFileType = sourcecode.swift; path = AppDelegate.swift; sourceTree = "<group>"; };
		3E5D9BE32418D45600A044A3 /* SceneDelegate.swift */ = {isa = PBXFileReference; lastKnownFileType = sourcecode.swift; path = SceneDelegate.swift; sourceTree = "<group>"; };
		3E5D9BE52418D45600A044A3 /* ViewController.swift */ = {isa = PBXFileReference; lastKnownFileType = sourcecode.swift; path = ViewController.swift; sourceTree = "<group>"; };
		3E5D9BE82418D45600A044A3 /* Base */ = {isa = PBXFileReference; lastKnownFileType = file.storyboard; name = Base; path = Base.lproj/Main.storyboard; sourceTree = "<group>"; };
		3E5D9BEA2418D45700A044A3 /* Assets.xcassets */ = {isa = PBXFileReference; lastKnownFileType = folder.assetcatalog; path = Assets.xcassets; sourceTree = "<group>"; };
		3E5D9BED2418D45700A044A3 /* Base */ = {isa = PBXFileReference; lastKnownFileType = file.storyboard; name = Base; path = Base.lproj/LaunchScreen.storyboard; sourceTree = "<group>"; };
		3E5D9BEF2418D45700A044A3 /* Info.plist */ = {isa = PBXFileReference; lastKnownFileType = text.plist.xml; path = Info.plist; sourceTree = "<group>"; };
/* End PBXFileReference section */

/* Begin PBXFrameworksBuildPhase section */
		3E5D9BDB2418D45500A044A3 /* Frameworks */ = {
			isa = PBXFrameworksBuildPhase;
			buildActionMask = 2147483647;
			files = (
			);
			runOnlyForDeploymentPostprocessing = 0;
		};
/* End PBXFrameworksBuildPhase section */

/* Begin PBXGroup section */
		3E5D9BD52418D45500A044A3 = {
			isa = PBXGroup;
			children = (
				3E5D9BE02418D45600A044A3 /* guessNumberApp */,
				3E5D9BDF2418D45500A044A3 /* Products */,
			);
			sourceTree = "<group>";
		};
		3E5D9BDF2418D45500A044A3 /* Products */ = {
			isa = PBXGroup;
			children = (
				3E5D9BDE2418D45500A044A3 /* guessNumberApp.app */,
			);
			name = Products;
			sourceTree = "<group>";
		};
		3E5D9BE02418D45600A044A3 /* guessNumberApp */ = {
			isa = PBXGroup;
			children = (
				3E5D9BE12418D45600A044A3 /* AppDelegate.swift */,
				3E5D9BE32418D45600A044A3 /* SceneDelegate.swift */,
				3E5D9BE52418D45600A044A3 /* ViewController.swift */,
				3E5D9BE72418D45600A044A3 /* Main.storyboard */,
				3E5D9BEA2418D45700A044A3 /* Assets.xcassets */,
				3E5D9BEC2418D45700A044A3 /* LaunchScreen.storyboard */,
				3E5D9BEF2418D45700A044A3 /* Info.plist */,
			);
			path = guessNumberApp;
			sourceTree = "<group>";
		};
/* End PBXGroup section */

/* Begin PBXNativeTarget section */
		3E5D9BDD2418D45500A044A3 /* guessNumberApp */ = {
			isa = PBXNativeTarget;
			buildConfigurationList = 3E5D9BF22418D45700A044A3 /* Build configuration list for PBXNativeTarget "guessNumberApp" */;
			buildPhases = (
				3E5D9BDA2418D45500A044A3 /* Sources */,
				3E5D9BDB2418D45500A044A3 /* Frameworks */,
				3E5D9BDC2418D45500A044A3 /* Resources */,
			);
			buildRules = (
			);
			dependencies = (
			);
			name = guessNumberApp;
			productName = guessNumberApp;
			productReference = 3E5D9BDE2418D45500A044A3 /* guessNumberApp.app */;
			productType = "com.apple.product-type.application";
		};
/* End PBXNativeTarget section */

/* Begin PBXProject section */
		3E5D9BD62418D45500A044A3 /* Project object */ = {
			isa = PBXProject;
			attributes = {
				LastSwiftUpdateCheck = 1130;
				LastUpgradeCheck = 1130;
				ORGANIZATIONNAME = "Lun H";
				TargetAttributes = {
					3E5D9BDD2418D45500A044A3 = {
						CreatedOnToolsVersion = 11.3.1;
					};
				};
			};
			buildConfigurationList = 3E5D9BD92418D45500A044A3 /* Build configuration list for PBXProject "guessNumberApp" */;
			compatibilityVersion = "Xcode 9.3";
			developmentRegion = en;
			hasScannedForEncodings = 0;
			knownRegions = (
				en,
				Base,
			);
			mainGroup = 3E5D9BD52418D45500A044A3;
			productRefGroup = 3E5D9BDF2418D45500A044A3 /* Products */;
			projectDirPath = "";
			projectRoot = "";
			targets = (
				3E5D9BDD2418D45500A044A3 /* guessNumberApp */,
			);
		};
/* End PBXProject section */

/* Begin PBXResourcesBuildPhase section */
		3E5D9BDC2418D45500A044A3 /* Resources */ = {
			isa = PBXResourcesBuildPhase;
			buildActionMask = 2147483647;
			files = (
				3E5D9BEE2418D45700A044A3 /* LaunchScreen.storyboard in Resources */,
				3E5D9BEB2418D45700A044A3 /* Assets.xcassets in Resources */,
				3E5D9BE92418D45600A044A3 /* Main.storyboard in Resources */,
			);
			runOnlyForDeploymentPostprocessing = 0;
		};
/* End PBXResourcesBuildPhase section */

/* Begin PBXSourcesBuildPhase section */
		3E5D9BDA2418D45500A044A3 /* Sources */ = {
			isa = PBXSourcesBuildPhase;
			buildActionMask = 2147483647;
			files = (
				3E5D9BE62418D45600A044A3 /* ViewController.swift in Sources */,
				3E5D9BE22418D45600A044A3 /* AppDelegate.swift in Sources */,
				3E5D9BE42418D45600A044A3 /* SceneDelegate.swift in Sources */,
			);
			runOnlyForDeploymentPostprocessing = 0;
		};
/* End PBXSourcesBuildPhase section */

/* Begin PBXVariantGroup section */
		3E5D9BE72418D45600A044A3 /* Main.storyboard */ = {
			isa = PBXVariantGroup;
			children = (
				3E5D9BE82418D45600A044A3 /* Base */,
			);
			name = Main.storyboard;
			sourceTree = "<group>";
		};
		3E5D9BEC2418D45700A044A3 /* LaunchScreen.storyboard */ = {
			isa = PBXVariantGroup;
			children = (
				3E5D9BED2418D45700A044A3 /* Base */,
			);
			name = LaunchScreen.storyboard;
			sourceTree = "<group>";
		};
/* End PBXVariantGroup section */

/* Begin XCBuildConfiguration section */
		3E5D9BF02418D45700A044A3 /* Debug */ = {
			isa = XCBuildConfiguration;
			buildSettings = {
				ALWAYS_SEARCH_USER_PATHS = NO;
				CLANG_ANALYZER_NONNULL = YES;
				CLANG_ANALYZER_NUMBER_OBJECT_CONVERSION = YES_AGGRESSIVE;
				CLANG_CXX_LANGUAGE_STANDARD = "gnu++14";
				CLANG_CXX_LIBRARY = "libc++";
				CLANG_ENABLE_MODULES = YES;
				CLANG_ENABLE_OBJC_ARC = YES;
				CLANG_ENABLE_OBJC_WEAK = YES;
				CLANG_WARN_BLOCK_CAPTURE_AUTORELEASING = YES;
				CLANG_WARN_BOOL_CONVERSION = YES;
				CLANG_WARN_COMMA = YES;
				CLANG_WARN_CONSTANT_CONVERSION = YES;
				CLANG_WARN_DEPRECATED_OBJC_IMPLEMENTATIONS = YES;
				CLANG_WARN_DIRECT_OBJC_ISA_USAGE = YES_ERROR;
				CLANG_WARN_DOCUMENTATION_COMMENTS = YES;
				CLANG_WARN_EMPTY_BODY = YES;
				CLANG_WARN_ENUM_CONVERSION = YES;
				CLANG_WARN_INFINITE_RECURSION = YES;
				CLANG_WARN_INT_CONVERSION = YES;
				CLANG_WARN_NON_LITERAL_NULL_CONVERSION = YES;
				CLANG_WARN_OBJC_IMPLICIT_RETAIN_SELF = YES;
				CLANG_WARN_OBJC_LITERAL_CONVERSION = YES;
				CLANG_WARN_OBJC_ROOT_CLASS = YES_ERROR;
				CLANG_WARN_RANGE_LOOP_ANALYSIS = YES;
				CLANG_WARN_STRICT_PROTOTYPES = YES;
				CLANG_WARN_SUSPICIOUS_MOVE = YES;
				CLANG_WARN_UNGUARDED_AVAILABILITY = YES_AGGRESSIVE;
				CLANG_WARN_UNREACHABLE_CODE = YES;
				CLANG_WARN__DUPLICATE_METHOD_MATCH = YES;
				COPY_PHASE_STRIP = NO;
				DEBUG_INFORMATION_FORMAT = dwarf;
				ENABLE_STRICT_OBJC_MSGSEND = YES;
				ENABLE_TESTABILITY = YES;
				GCC_C_LANGUAGE_STANDARD = gnu11;
				GCC_DYNAMIC_NO_PIC = NO;
				GCC_NO_COMMON_BLOCKS = YES;
				GCC_OPTIMIZATION_LEVEL = 0;
				GCC_PREPROCESSOR_DEFINITIONS = (
					"DEBUG=1",
					"$(inherited)",
				);
				GCC_WARN_64_TO_32_BIT_CONVERSION = YES;
				GCC_WARN_ABOUT_RETURN_TYPE = YES_ERROR;
				GCC_WARN_UNDECLARED_SELECTOR = YES;
				GCC_WARN_UNINITIALIZED_AUTOS = YES_AGGRESSIVE;
				GCC_WARN_UNUSED_FUNCTION = YES;
				GCC_WARN_UNUSED_VARIABLE = YES;
				IPHONEOS_DEPLOYMENT_TARGET = 13.2;
				MTL_ENABLE_DEBUG_INFO = INCLUDE_SOURCE;
				MTL_FAST_MATH = YES;
				ONLY_ACTIVE_ARCH = YES;
				SDKROOT = iphoneos;
				SWIFT_ACTIVE_COMPILATION_CONDITIONS = DEBUG;
				SWIFT_OPTIMIZATION_LEVEL = "-Onone";
			};
			name = Debug;
		};
		3E5D9BF12418D45700A044A3 /* Release */ = {
			isa = XCBuildConfiguration;
			buildSettings = {
				ALWAYS_SEARCH_USER_PATHS = NO;
				CLANG_ANALYZER_NONNULL = YES;
				CLANG_ANALYZER_NUMBER_OBJECT_CONVERSION = YES_AGGRESSIVE;
				CLANG_CXX_LANGUAGE_STANDARD = "gnu++14";
				CLANG_CXX_LIBRARY = "libc++";
				CLANG_ENABLE_MODULES = YES;
				CLANG_ENABLE_OBJC_ARC = YES;
				CLANG_ENABLE_OBJC_WEAK = YES;
				CLANG_WARN_BLOCK_CAPTURE_AUTORELEASING = YES;
				CLANG_WARN_BOOL_CONVERSION = YES;
				CLANG_WARN_COMMA = YES;
				CLANG_WARN_CONSTANT_CONVERSION = YES;
				CLANG_WARN_DEPRECATED_OBJC_IMPLEMENTATIONS = YES;
				CLANG_WARN_DIRECT_OBJC_ISA_USAGE = YES_ERROR;
				CLANG_WARN_DOCUMENTATION_COMMENTS = YES;
				CLANG_WARN_EMPTY_BODY = YES;
				CLANG_WARN_ENUM_CONVERSION = YES;
				CLANG_WARN_INFINITE_RECURSION = YES;
				CLANG_WARN_INT_CONVERSION = YES;
				CLANG_WARN_NON_LITERAL_NULL_CONVERSION = YES;
				CLANG_WARN_OBJC_IMPLICIT_RETAIN_SELF = YES;
				CLANG_WARN_OBJC_LITERAL_CONVERSION = YES;
				CLANG_WARN_OBJC_ROOT_CLASS = YES_ERROR;
				CLANG_WARN_RANGE_LOOP_ANALYSIS = YES;
				CLANG_WARN_STRICT_PROTOTYPES = YES;
				CLANG_WARN_SUSPICIOUS_MOVE = YES;
				CLANG_WARN_UNGUARDED_AVAILABILITY = YES_AGGRESSIVE;
				CLANG_WARN_UNREACHABLE_CODE = YES;
				CLANG_WARN__DUPLICATE_METHOD_MATCH = YES;
				COPY_PHASE_STRIP = NO;
				DEBUG_INFORMATION_FORMAT = "dwarf-with-dsym";
				ENABLE_NS_ASSERTIONS = NO;
				ENABLE_STRICT_OBJC_MSGSEND = YES;
				GCC_C_LANGUAGE_STANDARD = gnu11;
				GCC_NO_COMMON_BLOCKS = YES;
				GCC_WARN_64_TO_32_BIT_CONVERSION = YES;
				GCC_WARN_ABOUT_RETURN_TYPE = YES_ERROR;
				GCC_WARN_UNDECLARED_SELECTOR = YES;
				GCC_WARN_UNINITIALIZED_AUTOS = YES_AGGRESSIVE;
				GCC_WARN_UNUSED_FUNCTION = YES;
				GCC_WARN_UNUSED_VARIABLE = YES;
				IPHONEOS_DEPLOYMENT_TARGET = 13.2;
				MTL_ENABLE_DEBUG_INFO = NO;
				MTL_FAST_MATH = YES;
				SDKROOT = iphoneos;
				SWIFT_COMPILATION_MODE = wholemodule;
				SWIFT_OPTIMIZATION_LEVEL = "-O";
				VALIDATE_PRODUCT = YES;
			};
			name = Release;
		};
		3E5D9BF32418D45700A044A3 /* Debug */ = {
			isa = XCBuildConfiguration;
			buildSettings = {
				ASSETCATALOG_COMPILER_APPICON_NAME = AppIcon;
				CODE_SIGN_STYLE = Automatic;
				INFOPLIST_FILE = guessNumberApp/Info.plist;
				LD_RUNPATH_SEARCH_PATHS = (
					"$(inherited)",
					"@executable_path/Frameworks",
				);
				PRODUCT_BUNDLE_IDENTIFIER = lenh.guessNumberApp;
				PRODUCT_NAME = "$(TARGET_NAME)";
				SWIFT_VERSION = 5.0;
				TARGETED_DEVICE_FAMILY = "1,2";
			};
			name = Debug;
		};
		3E5D9BF42418D45700A044A3 /* Release */ = {
			isa = XCBuildConfiguration;
			buildSettings = {
				ASSETCATALOG_COMPILER_APPICON_NAME = AppIcon;
				CODE_SIGN_STYLE = Automatic;
				INFOPLIST_FILE = guessNumberApp/Info.plist;
				LD_RUNPATH_SEARCH_PATHS = (
					"$(inherited)",
					"@executable_path/Frameworks",
				);
				PRODUCT_BUNDLE_IDENTIFIER = lenh.guessNumberApp;
				PRODUCT_NAME = "$(TARGET_NAME)";
				SWIFT_VERSION = 5.0;
				TARGETED_DEVICE_FAMILY = "1,2";
			};
			name = Release;
		};
/* End XCBuildConfiguration section */

/* Begin XCConfigurationList section */
		3E5D9BD92418D45500A044A3 /* Build configuration list for PBXProject "guessNumberApp" */ = {
			isa = XCConfigurationList;
			buildConfigurations = (
				3E5D9BF02418D45700A044A3 /* Debug */,
				3E5D9BF12418D45700A044A3 /* Release */,
			);
			defaultConfigurationIsVisible = 0;
			defaultConfigurationName = Release;
		};
		3E5D9BF22418D45700A044A3 /* Build configuration list for PBXNativeTarget "guessNumberApp" */ = {
			isa = XCConfigurationList;
			buildConfigurations = (
				3E5D9BF32418D45700A044A3 /* Debug */,
				3E5D9BF42418D45700A044A3 /* Release */,
			);
			defaultConfigurationIsVisible = 0;
			defaultConfigurationName = Release;
		};
/* End XCConfigurationList section */
	};
	rootObject = 3E5D9BD62418D45500A044A3 /* Project object */;
}
